
Microsoft Visual Studio Solution File, Format Version 12.00
# Visual Studio Version 16
VisualStudioVersion = 16.0.29519.87
MinimumVisualStudioVersion = 10.0.40219.1
Project("{FAE04EC0-301F-11D3-BF4B-00C04F79EFBC}") = "TM-Db Lib", "TM-Db Lib\TM-Db Lib.csproj", "{BB52C94B-E6C1-4385-86BD-EE01B627D4EC}"
EndProject
Project("{FAE04EC0-301F-11D3-BF4B-00C04F79EFBC}") = "Testing Search Logic", "Testing\Testing Search Logic\Testing Search Logic.csproj", "{93FD7E1F-8A36-4650-BA3B-BB35F38CDDC4}"
	ProjectSection(ProjectDependencies) = postProject
		{BB52C94B-E6C1-4385-86BD-EE01B627D4EC} = {BB52C94B-E6C1-4385-86BD-EE01B627D4EC}
	EndProjectSection
EndProject
Project("{FAE04EC0-301F-11D3-BF4B-00C04F79EFBC}") = "Testing Search People Logic", "Testing\Testing Search People Logic\Testing Search People Logic.csproj", "{66E3665D-46DB-4772-80F5-93E7E68BB016}"
	ProjectSection(ProjectDependencies) = postProject
		{BB52C94B-E6C1-4385-86BD-EE01B627D4EC} = {BB52C94B-E6C1-4385-86BD-EE01B627D4EC}
	EndProjectSection
EndProject
Project("{FAE04EC0-301F-11D3-BF4B-00C04F79EFBC}") = "Testing Multi-Search Logic", "Testing\Testing Multi-Search Logic\Testing Multi-Search Logic.csproj", "{71CEB07E-2A36-450A-8F36-3BACA32AAA6E}"
	ProjectSection(ProjectDependencies) = postProject
		{BB52C94B-E6C1-4385-86BD-EE01B627D4EC} = {BB52C94B-E6C1-4385-86BD-EE01B627D4EC}
	EndProjectSection
EndProject
Project("{FAE04EC0-301F-11D3-BF4B-00C04F79EFBC}") = "Testing Reviews", "Testing\Testing Reviews\Testing Reviews.csproj", "{5D3CF11F-D083-4FF1-BABD-2317724DF022}"
	ProjectSection(ProjectDependencies) = postProject
		{BB52C94B-E6C1-4385-86BD-EE01B627D4EC} = {BB52C94B-E6C1-4385-86BD-EE01B627D4EC}
	EndProjectSection
EndProject
Project("{FAE04EC0-301F-11D3-BF4B-00C04F79EFBC}") = "Testing Trending Logic", "Testing\Testing Trending Logic\Testing Trending Logic.csproj", "{6C293C69-A85D-4D3A-A75A-D94A95D960DD}"
	ProjectSection(ProjectDependencies) = postProject
		{BB52C94B-E6C1-4385-86BD-EE01B627D4EC} = {BB52C94B-E6C1-4385-86BD-EE01B627D4EC}
	EndProjectSection
EndProject
Project("{FAE04EC0-301F-11D3-BF4B-00C04F79EFBC}") = "Testing Sessions", "Testing\Testing Sessions\Testing Sessions.csproj", "{047C906E-F1B6-4EF9-B74D-C2EC2A52FE10}"
	ProjectSection(ProjectDependencies) = postProject
		{BB52C94B-E6C1-4385-86BD-EE01B627D4EC} = {BB52C94B-E6C1-4385-86BD-EE01B627D4EC}
	EndProjectSection
EndProject
Project("{FAE04EC0-301F-11D3-BF4B-00C04F79EFBC}") = "View Account", "Programs\View Account\View Account.csproj", "{FA0711D3-26C5-4229-9DFD-C8AB435E36FC}"
	ProjectSection(ProjectDependencies) = postProject
		{BB52C94B-E6C1-4385-86BD-EE01B627D4EC} = {BB52C94B-E6C1-4385-86BD-EE01B627D4EC}
	EndProjectSection
EndProject
Project("{FAE04EC0-301F-11D3-BF4B-00C04F79EFBC}") = "Discover Logic Testing", "Testing\Discover Logic Testing\Discover Logic Testing.csproj", "{B3EB555D-3505-48E0-A8AE-75A74DE7851C}"
	ProjectSection(ProjectDependencies) = postProject
		{BB52C94B-E6C1-4385-86BD-EE01B627D4EC} = {BB52C94B-E6C1-4385-86BD-EE01B627D4EC}
	EndProjectSection
EndProject
Global
	GlobalSection(SolutionConfigurationPlatforms) = preSolution
		Debug|Any CPU = Debug|Any CPU
		Release|Any CPU = Release|Any CPU
	EndGlobalSection
	GlobalSection(ProjectConfigurationPlatforms) = postSolution
		{BB52C94B-E6C1-4385-86BD-EE01B627D4EC}.Debug|Any CPU.ActiveCfg = Debug|Any CPU
		{BB52C94B-E6C1-4385-86BD-EE01B627D4EC}.Debug|Any CPU.Build.0 = Debug|Any CPU
		{BB52C94B-E6C1-4385-86BD-EE01B627D4EC}.Release|Any CPU.ActiveCfg = Release|Any CPU
		{BB52C94B-E6C1-4385-86BD-EE01B627D4EC}.Release|Any CPU.Build.0 = Release|Any CPU
		{93FD7E1F-8A36-4650-BA3B-BB35F38CDDC4}.Debug|Any CPU.ActiveCfg = Debug|Any CPU
		{93FD7E1F-8A36-4650-BA3B-BB35F38CDDC4}.Debug|Any CPU.Build.0 = Debug|Any CPU
		{93FD7E1F-8A36-4650-BA3B-BB35F38CDDC4}.Release|Any CPU.ActiveCfg = Release|Any CPU
		{93FD7E1F-8A36-4650-BA3B-BB35F38CDDC4}.Release|Any CPU.Build.0 = Release|Any CPU
		{66E3665D-46DB-4772-80F5-93E7E68BB016}.Debug|Any CPU.ActiveCfg = Debug|Any CPU
		{66E3665D-46DB-4772-80F5-93E7E68BB016}.Debug|Any CPU.Build.0 = Debug|Any CPU
		{66E3665D-46DB-4772-80F5-93E7E68BB016}.Release|Any CPU.ActiveCfg = Release|Any CPU
		{66E3665D-46DB-4772-80F5-93E7E68BB016}.Release|Any CPU.Build.0 = Release|Any CPU
		{71CEB07E-2A36-450A-8F36-3BACA32AAA6E}.Debug|Any CPU.ActiveCfg = Debug|Any CPU
		{71CEB07E-2A36-450A-8F36-3BACA32AAA6E}.Debug|Any CPU.Build.0 = Debug|Any CPU
		{71CEB07E-2A36-450A-8F36-3BACA32AAA6E}.Release|Any CPU.ActiveCfg = Release|Any CPU
		{71CEB07E-2A36-450A-8F36-3BACA32AAA6E}.Release|Any CPU.Build.0 = Release|Any CPU
		{5D3CF11F-D083-4FF1-BABD-2317724DF022}.Debug|Any CPU.ActiveCfg = Debug|Any CPU
		{5D3CF11F-D083-4FF1-BABD-2317724DF022}.Debug|Any CPU.Build.0 = Debug|Any CPU
		{5D3CF11F-D083-4FF1-BABD-2317724DF022}.Release|Any CPU.ActiveCfg = Release|Any CPU
		{5D3CF11F-D083-4FF1-BABD-2317724DF022}.Release|Any CPU.Build.0 = Release|Any CPU
		{6C293C69-A85D-4D3A-A75A-D94A95D960DD}.Debug|Any CPU.ActiveCfg = Debug|Any CPU
		{6C293C69-A85D-4D3A-A75A-D94A95D960DD}.Debug|Any CPU.Build.0 = Debug|Any CPU
		{6C293C69-A85D-4D3A-A75A-D94A95D960DD}.Release|Any CPU.ActiveCfg = Release|Any CPU
		{6C293C69-A85D-4D3A-A75A-D94A95D960DD}.Release|Any CPU.Build.0 = Release|Any CPU
		{047C906E-F1B6-4EF9-B74D-C2EC2A52FE10}.Debug|Any CPU.ActiveCfg = Debug|Any CPU
		{047C906E-F1B6-4EF9-B74D-C2EC2A52FE10}.Debug|Any CPU.Build.0 = Debug|Any CPU
		{047C906E-F1B6-4EF9-B74D-C2EC2A52FE10}.Release|Any CPU.ActiveCfg = Release|Any CPU
		{047C906E-F1B6-4EF9-B74D-C2EC2A52FE10}.Release|Any CPU.Build.0 = Release|Any CPU
		{FA0711D3-26C5-4229-9DFD-C8AB435E36FC}.Debug|Any CPU.ActiveCfg = Debug|Any CPU
		{FA0711D3-26C5-4229-9DFD-C8AB435E36FC}.Debug|Any CPU.Build.0 = Debug|Any CPU
		{FA0711D3-26C5-4229-9DFD-C8AB435E36FC}.Release|Any CPU.ActiveCfg = Release|Any CPU
		{FA0711D3-26C5-4229-9DFD-C8AB435E36FC}.Release|Any CPU.Build.0 = Release|Any CPU
		{B3EB555D-3505-48E0-A8AE-75A74DE7851C}.Debug|Any CPU.ActiveCfg = Debug|Any CPU
		{B3EB555D-3505-48E0-A8AE-75A74DE7851C}.Debug|Any CPU.Build.0 = Debug|Any CPU
		{B3EB555D-3505-48E0-A8AE-75A74DE7851C}.Release|Any CPU.ActiveCfg = Release|Any CPU
		{B3EB555D-3505-48E0-A8AE-75A74DE7851C}.Release|Any CPU.Build.0 = Release|Any CPU
	EndGlobalSection
	GlobalSection(SolutionProperties) = preSolution
		HideSolutionNode = FALSE
	EndGlobalSection
	GlobalSection(ExtensibilityGlobals) = postSolution
		SolutionGuid = {501DCDEC-5589-4CB5-8E58-7D7F834989A6}
	EndGlobalSection
EndGlobal
